cloud.google.com/go v0.26.0 h1:e0WKqKTd5BnrG8aKH3J3h+QvEIQtSUcf2n5UZ5ZgLtQ=
cloud.google.com/go v0.26.0/go.mod h1:aQUYkXzVsufM+DwF1aE+0xfcU+56JwCaLick0ClmMTw=
github.com/AndreasBriese/bbloom v0.0.0-20180913140656-343706a395b7 h1:PqzgE6kAMi81xWQA2QIVxjWkFHptGgC547vchpUbtFo=
github.com/AndreasBriese/bbloom v0.0.0-20180913140656-343706a395b7/go.mod h1:bOvUY6CB00SOBii9/FifXqc0awNKxLFCL/+pkDPuyl8=
github.com/BurntSushi/toml v0.3.1/go.mod h1:xHWCNGjB5oqiDr8zfno3MHue2Ht5sIBksp03qcyfWMU=
github.com/DATA-DOG/go-sqlmock v1.3.3 h1:CWUqKXe0s8A2z6qCgkP4Kru7wC11YoAnoupUKFDnH08=
github.com/DATA-DOG/go-sqlmock v1.3.3/go.mod h1:f/Ixk793poVmq4qj/V1dPUg2JEAKC73Q5eFN3EC/SaM=
github.com/GoogleCloudPlatform/cloudsql-proxy v0.0.0-20180921012930-634f0881b90b h1:E7fSsvI5144Xu5nxp76G1/zIc7axLKoMYpmFU7W4xek=
github.com/GoogleCloudPlatform/cloudsql-proxy v0.0.0-20180921012930-634f0881b90b/go.mod h1:aJ4qN3TfrelA6NZ6AXsXRfmEVaYin3EDbSPJrKS8OXo=
github.com/alecthomas/participle v0.2.1 h1:4AVLj1viSGa4LG5HDXKXrm5xRx19SB/rS/skPQB1Grw=
github.com/alecthomas/participle v0.2.1/go.mod h1:SW6HZGeZgSIpcUWX3fXpfZhuaWHnmoD5KCVaqSaNTkk=
github.com/alecthomas/repr v0.0.0-20180920225502-7ed41413b477 h1:APeZpova6JVuOZcSE4QJiyqybt+EMezXx2egUL5nbvs=
github.com/alecthomas/repr v0.0.0-20180920225502-7ed41413b477/go.mod h1:xTS7Pm1pD1mvyM075QCDSRqH6qRLXylzS24ZTpRiSzQ=
github.com/client9/misspell v0.3.4/go.mod h1:qj6jICC3Q7zFZvVWo7KLAzC3yx5G7kyvSDkc90ppPyw=
github.com/davecgh/go-spew v1.1.1 h1:vj9j/u1bqnvCEfJOwUhtlOARqs3+rkHYY13jYWTU97c=
github.com/davecgh/go-spew v1.1.1/go.mod h1:J7Y8YcW2NihsgmVo/mv3lAwl/skON4iLHjSsI+c5H38=
github.com/denisenkom/go-mssqldb v0.0.0-20180901172138-1eb28afdf9b6 h1:BZGp1dbKFjqlGmxEpwkDpCWNxVwEYnUPoncIzLiHlPo=
github.com/denisenkom/go-mssqldb v0.0.0-20180901172138-1eb28afdf9b6/go.mod h1:xN/JuLBIz4bjkxNmByTiV1IbhfnYb6oo99phBn4Eqhc=
github.com/dgraph-io/badger v1.5.4 h1:gVTrpUTbbr/T24uvoCaqY2KSHfNLVGm0w+hbee2HMeg=
github.com/dgraph-io/badger v1.5.4/go.mod h1:VZxzAIRPHRVNRKRo6AXrX9BJegn6il06VMTZVJYCIjQ=
github.com/dgryski/go-farm v0.0.0-20180109070241-2de33835d102 h1:afESQBXJEnj3fu+34X//E8Wg3nEbMJxJkwSc0tPePK0=
github.com/dgryski/go-farm v0.0.0-20180109070241-2de33835d102/go.mod h1:SqUrOPUnsFjfmXRMNPybcSiG0BgUW2AuFH8PAnS2iTw=
github.com/elgris/sqrl v0.0.0-20180926210025-d09d22f2d5ac h1:GO33tI9rnGh+XfZTJBcb7/YO4BBGP77RTRSEnQDbgIY=
github.com/elgris/sqrl v0.0.0-20180926210025-d09d22f2d5ac/go.mod h1:jxoBXNzLYEsSfUdm4xcwqGNlW97OwR1eYUB9QQ+OjeQ=
github.com/golang/glog v0.0.0-20160126235308-23def4e6c14b h1:VKtxabqXZkF25pY9ekfRL6a582T4P37/31XEstQ5p58=
github.com/golang/glog v0.0.0-20160126235308-23def4e6c14b/go.mod h1:SBH7ygxi8pfUlaOkMMuAQtPIUF8ecWP5IEl/CR7VP2Q=
github.com/golang/lint v0.0.0-20180702182130-06c8688daad7/go.mod h1:tluoj9z5200jBnyusfRPU2LqT6J+DAorxEvtC7LHB+E=
github.com/golang/mock v1.1.1/go.mod h1:oTYuIxOrZwtPieC+H1uAHpcLFnEyAGVDL/k47Jfbm0A=
github.com/golang/protobuf v1.2.0 h1:P3YflyNX/ehuJFLhxviNdFxQPkGK5cDcApsge1SqnvM=
github.com/golang/protobuf v1.2.0/go.mod h1:6lQm79b+lXiMfvg/cZm0SGofjICqVBUtrP5yJMmIC1U=
github.com/golang/protobuf v1.3.1 h1:YF8+flBXS5eO826T4nzqPrxfhQThhXl0YzfuUPu4SBg=
github.com/golang/protobuf v1.3.1/go.mod h1:6lQm79b+lXiMfvg/cZm0SGofjICqVBUtrP5yJMmIC1U=
github.com/google/go-cmp v0.2.0 h1:+dTQ8DZQJz0Mb/HjFlkptS1FeQ4cWSnN941F8aEG4SQ=
github.com/google/go-cmp v0.2.0/go.mod h1:oXzfMopK8JAjlY9xF4vHSVASa0yLyX7SntLO5aqRK0M=
github.com/google/uuid v1.0.0 h1:b4Gk+7WdP/d3HZH8EJsZpvV7EtDOgaZLtnaNGIu1adA=
github.com/google/uuid v1.0.0/go.mod h1:TIyPZe4MgqvfeYDBFedMoGGpEw/LqOeaOT+nhxU+yHo=
github.com/kisielk/gotool v1.0.0/go.mod h1:XhKaO+MFFWcvkIS/tQcRk01m1F5IRFswLeQ+oQHNcck=
github.com/lib/pq v1.0.0 h1:X5PMW56eZitiTeO7tKzZxFCSpbFZJtkMMooicw2us9A=
github.com/lib/pq v1.0.0/go.mod h1:5WUZQaWbwv1U+lTReE5YruASi9Al49XbQIvNi/34Woo=
github.com/magefile/mage v1.8.0 h1:mzL+xIopvPURVBwHG9A50JcjBO+xV3b5iZ7khFRI+5E=
github.com/magefile/mage v1.8.0/go.mod h1:IUDi13rsHje59lecXokTfGX0QIzO45uVPlXnJYsXepA=
github.com/pkg/errors v0.8.0 h1:WdK/asTD0HN+q6hsWO3/vpuAkAr+tw6aNJNDFFf0+qw=
github.com/pkg/errors v0.8.0/go.mod h1:bwawxfHBFNV+L2hUp1rHADufV3IMtnDRdf1r5NINEl0=
github.com/pmezard/go-difflib v1.0.0 h1:4DBwDE0NGyQoBHbLQYPwSUPoCMWR5BEzIk/f1lZbAQM=
github.com/pmezard/go-difflib v1.0.0/go.mod h1:iKH77koFhYxTK1pcRnkKkqfTogsbg7gZNVY4sRDYZ/4=
github.com/sergi/go-diff v1.0.0 h1:Kpca3qRNrduNnOQeazBd0ysaKrUJiIuISHxogkT9RPQ=
github.com/sergi/go-diff v1.0.0/go.mod h1:0CfEIISq7TuYL3j771MWULgwwjU+GofnZX9QAmXWZgo=
github.com/stretchr/testify v1.2.2 h1:bSDNvY7ZPG5RlJ8otE/7V6gMiyenm9RtJ7IUVIAoJ1w=
github.com/stretchr/testify v1.2.2/go.mod h1:a8OnRcib4nhh0OaRAV+Yts87kKdq0PP7pXfy6kDkUVs=
golang.org/x/crypto v0.0.0-20180910181607-0e37d006457b h1:2b9XGzhjiYsYPnKXoEfL7klWZQIt8IfyRCz62gCqqlQ=
golang.org/x/crypto v0.0.0-20180910181607-0e37d006457b/go.mod h1:6SG95UA2DQfeDnfUPMdvaQW0Q7yPrPDi9nlGo2tz2b4=
golang.org/x/crypto v0.0.0-20190308221718-c2843e01d9a2 h1:VklqNMn3ovrHsnt90PveolxSbWFaJdECFbxSq0Mqo2M=
golang.org/x/crypto v0.0.0-20190308221718-c2843e01d9a2/go.mod h1:djNgcEr1/C05ACkg1iLfiJU5Ep61QUkGW8qpdssI0+w=
golang.org/x/lint v0.0.0-20180702182130-06c8688daad7/go.mod h1:UVdnD1Gm6xHRNCYTkRU2/jEulfH38KcIWyp/GAMgvoE=
golang.org/x/lint v0.0.0-20190313153728-d0100b6bd8b3/go.mod h1:6SW0HCj/g11FgYtHlgUYUwCkIfeOF89ocIRzGO/8vkc=
golang.org/x/net v0.0.0-20180826012351-8a410e7b638d/go.mod h1:mL1N/T3taQHkDXs73rZJwtUhF3w3ftmwwsq0BUmARs4=
golang.org/x/net v0.0.0-20180925072008-f04abc6bdfa7 h1:zKzVgSQ8WOSHzD7I4k8LQjrHUUCNOlBsgc0PcYLVNnY=
golang.org/x/net v0.0.0-20180925072008-f04abc6bdfa7/go.mod h1:mL1N/T3taQHkDXs73rZJwtUhF3w3ftmwwsq0BUmARs4=
golang.org/x/net v0.0.0-20190311183353-d8887717615a h1:oWX7TPOiFAMXLq8o0ikBYfCJVlRHBcsciT5bXOrH628=
golang.org/x/net v0.0.0-20190311183353-d8887717615a/go.mod h1:t9HGtf8HONx5eT2rtn7q6eTqICYqUVnKs3thJo3Qplg=
golang.org/x/oauth2 v0.0.0-20180821212333-d2e6202438be h1:vEDujvNQGv4jgYKudGeI/+DAX4Jffq6hpD55MmoEvKs=
golang.org/x/oauth2 v0.0.0-20180821212333-d2e6202438be/go.mod h1:N/0e6XlmueqKjAGxoOufVs8QHGRruUQn6yWY3a++T0U=
golang.org/x/sync v0.0.0-20180314180146-1d60e4601c6f h1:wMNYb4v58l5UBM7MYRLPG6ZhfOqbKu7X5eyFl8ZhKvA=
golang.org/x/sync v0.0.0-20180314180146-1d60e4601c6f/go.mod h1:RxMgew5VJxzue5/jJTE5uejpjVlOe/izrB70Jof72aM=
golang.org/x/sys v0.0.0-20180830151530-49385e6e1522 h1:Ve1ORMCxvRmSXBwJK+t3Oy+V2vRW2OetUQBq4rJIkZE=
golang.org/x/sys v0.0.0-20180830151530-49385e6e1522/go.mod h1:STP8DvDyc/dI5b8T5hshtkjS+E42TnysNCUPdjciGhY=
golang.org/x/sys v0.0.0-20190215142949-d0b11bdaac8a h1:1BGLXjeY4akVXGgbC9HugT3Jv3hCI0z56oJR5vAMgBU=
golang.org/x/sys v0.0.0-20190215142949-d0b11bdaac8a/go.mod h1:STP8DvDyc/dI5b8T5hshtkjS+E42TnysNCUPdjciGhY=
golang.org/x/text v0.3.0 h1:g61tztE5qeGQ89tm6NTjjM9VPIm088od1l6aSorWRWg=
golang.org/x/text v0.3.0/go.mod h1:NqM8EUOU14njkJ3fqMW+pc6Ldnwhi/IjpwHt7yyuwOQ=
golang.org/x/tools v0.0.0-20180828015842-6cd1fcedba52/go.mod h1:n7NCudcB/nEzxVGmLbDWY5pfWTLqBcC2KZ6jyYvM4mQ=
golang.org/x/tools v0.0.0-20190311212946-11955173bddd/go.mod h1:LCzVGOaR6xXOjkQ3onu1FJEFr0SW1gC7cKk1uF8kGRs=
google.golang.org/api v0.0.0-20180927231558-81028c6d7fe8 h1:QUZjU5yuopHyUfNnCM3eqeuFzPLM8DLzB3ODNd4eMc8=
google.golang.org/api v0.0.0-20180927231558-81028c6d7fe8/go.mod h1:4mhQ8q/RsB7i+udVvVy5NUi08OU8ZlA0gRVgrF7VFY0=
google.golang.org/appengine v1.1.0 h1:igQkv0AAhEIvTEpD5LIpAfav2eeVO9HBTjvKHVJPRSs=
google.golang.org/appengine v1.1.0/go.mod h1:EbEs0AVv82hx2wNQdGPgUI5lhzA/G0D9YwlJXL52JkM=
google.golang.org/genproto v0.0.0-20180817151627-c66870c02cf8 h1:Nw54tB0rB7hY/N0NQvRW8DG4Yk3Q6T9cu9RcFQDu1tc=
google.golang.org/genproto v0.0.0-20180817151627-c66870c02cf8/go.mod h1:JiN7NxoALGmiZfu7CAH4rXhgtRTLTxftemlI0sWmxmc=
google.golang.org/grpc v1.15.0 h1:Az/KuahOM4NAidTEuJCv/RonAA7rYsTPkqXVjr+8OOw=
google.golang.org/grpc v1.15.0/go.mod h1:0JHn/cJsOMiMfNA9+DeHDlAU7KAAB5GDlYFpa9MZMio=
google.golang.org/grpc v1.21.0 h1:G+97AoqBnmZIT91cLG/EkCoK9NSelj64P8bOHHNmGn0=
google.golang.org/grpc v1.21.0/go.mod h1:oYelfM1adQP15Ek0mdvEgi9Df8B9CZIaU1084ijfRaM=
honnef.co/go/tools v0.0.0-20180728063816-88497007e858/go.mod h1:rf3lG4BRIbNafJWhAfAdb/ePZxsR/4RtNHQocxwk9r4=
honnef.co/go/tools v0.0.0-20190102054323-c2f93a96b099/go.mod h1:rf3lG4BRIbNafJWhAfAdb/ePZxsR/4RtNHQocxwk9r4=
